
Microsoft Visual Studio Solution File, Format Version 12.00
# Visual Studio Version 17
VisualStudioVersion = 17.11.35312.102
MinimumVisualStudioVersion = 10.0.40219.1
Project("{2150E333-8FDC-42A3-9474-1A3956D46DE8}") = "Task0", "Task0", "{90B173CB-285D-4A77-8A98-AF59E75814C6}"
EndProject
Project("{9A19103F-16F7-4668-BE54-9A1E7A4F7556}") = "Tyuiu.AlshinAF.Sprint5.Task0.V10", "Tyuiu.AlshinAF.Sprint5.Task0.V10\Tyuiu.AlshinAF.Sprint5.Task0.V10.csproj", "{1A3FE511-A8BE-4C2C-B566-3E665CF27BED}"
EndProject
Project("{9A19103F-16F7-4668-BE54-9A1E7A4F7556}") = "Tyuiu.AlshinAF.Sprint5.Task0.V10.Lib", "Tyuiu.AlshinAF.Sprint5.Task0.V10.Lib\Tyuiu.AlshinAF.Sprint5.Task0.V10.Lib.csproj", "{FF5A1E42-4AF6-4B5B-ACAD-F71D608FF285}"
EndProject
Project("{9A19103F-16F7-4668-BE54-9A1E7A4F7556}") = "Tyuiu.AlshinAF.Sprint5.Task0.V10.Test", "Tyuiu.AlshinAF.Sprint5.Task0.V10.Test\Tyuiu.AlshinAF.Sprint5.Task0.V10.Test.csproj", "{343AA4C0-3508-43D3-B35C-1DEBA43FF1FA}"
EndProject
Project("{2150E333-8FDC-42A3-9474-1A3956D46DE8}") = "Task1", "Task1", "{BD93B6FB-0024-4BD8-9749-542F8D1BC146}"
EndProject
Project("{9A19103F-16F7-4668-BE54-9A1E7A4F7556}") = "Tyuiu.AlshinAF.Sprint5.Task1.V27", "Tyuiu.AlshinAF.Sprint5.Task1.V27\Tyuiu.AlshinAF.Sprint5.Task1.V27.csproj", "{74FCCEE6-9356-416C-95C7-1F7A1010526F}"
EndProject
Project("{9A19103F-16F7-4668-BE54-9A1E7A4F7556}") = "Tyuiu.AlshinAF.Sprint5.Task1.V27.Test", "Tyuiu.AlshinAF.Sprint5.Task1.V27.Test\Tyuiu.AlshinAF.Sprint5.Task1.V27.Test.csproj", "{8F42C6C3-6E7B-4A3F-9C33-C390D0CFE32C}"
EndProject
Project("{9A19103F-16F7-4668-BE54-9A1E7A4F7556}") = "Tyuiu.AlshinAF.Sprint5.Task1.V27.Lib", "Tyuiu.AlshinAF.Sprint5.Task1.V27.Lib\Tyuiu.AlshinAF.Sprint5.Task1.V27.Lib.csproj", "{220C5B31-0B95-4EDF-9768-2AA1FB7D3DB5}"
EndProject
Project("{2150E333-8FDC-42A3-9474-1A3956D46DE8}") = "Task2", "Task2", "{0263861F-994F-4740-A291-675B31066B7C}"
EndProject
Project("{9A19103F-16F7-4668-BE54-9A1E7A4F7556}") = "Tyuiu.AlshinAF.Sprint5.Task2.V21", "Tyuiu.AlshinAF.Sprint5.Task2.V21\Tyuiu.AlshinAF.Sprint5.Task2.V21.csproj", "{AA08D111-6308-4568-BA73-92560EE19CD5}"
EndProject
Project("{9A19103F-16F7-4668-BE54-9A1E7A4F7556}") = "Tyuiu.AlshinAF.Sprint5.Task2.V21.Lib", "Tyuiu.AlshinAF.Sprint5.Task2.V21.Lib\Tyuiu.AlshinAF.Sprint5.Task2.V21.Lib.csproj", "{FBF53B71-6C53-4E69-8D66-B943EEE9DD66}"
EndProject
Project("{9A19103F-16F7-4668-BE54-9A1E7A4F7556}") = "Tyuiu.AlshinAF.Sprint5.Task2.V21.Test", "Tyuiu.AlshinAF.Sprint5.Task2.V21.Test\Tyuiu.AlshinAF.Sprint5.Task2.V21.Test.csproj", "{EB381B4A-8E3E-43A2-8E16-24520EE44A3B}"
EndProject
Project("{2150E333-8FDC-42A3-9474-1A3956D46DE8}") = "Task3", "Task3", "{EE9A79C3-6030-4C4D-BB67-C4B9064FCB30}"
EndProject
Project("{FAE04EC0-301F-11D3-BF4B-00C04F79EFBC}") = "Tyuiu.AlshinAF.Sprint5.Task3.V30", "Tyuiu.AlshinAF.Sprint5.Task3.V30\Tyuiu.AlshinAF.Sprint5.Task3.V30.csproj", "{1D8F422A-42AD-4F95-B2C8-65074FA0046D}"
EndProject
Project("{FAE04EC0-301F-11D3-BF4B-00C04F79EFBC}") = "Tyuiu.AlshinAF.Sprint5.Task3.V30.Test", "Tyuiu.AlshinAF.Sprint5.Task3.V30.Test\Tyuiu.AlshinAF.Sprint5.Task3.V30.Test.csproj", "{BCAA6356-2B38-4E6B-A7B2-7EAFE3D81806}"
EndProject
Project("{FAE04EC0-301F-11D3-BF4B-00C04F79EFBC}") = "Tyuiu.AlshinAF.Sprint5.Task3.V30.Lib", "Tyuiu.AlshinAF.Sprint5.Task3.V30.Lib\Tyuiu.AlshinAF.Sprint5.Task3.V30.Lib.csproj", "{4AE2EBF9-3E1C-4FFC-825B-0B76BECD6605}"
EndProject
Project("{2150E333-8FDC-42A3-9474-1A3956D46DE8}") = "Task4", "Task4", "{5900B42B-129E-4367-B42B-FE7E879693AA}"
EndProject
Project("{FAE04EC0-301F-11D3-BF4B-00C04F79EFBC}") = "Tyuiu.AlshinAF.Sprint5.Task4.V26.Lib", "Tyuiu.AlshinAF.Sprint5.Task4.V26.Lib\Tyuiu.AlshinAF.Sprint5.Task4.V26.Lib.csproj", "{D15DDB23-5029-453A-ADF8-F755B99BA26B}"
EndProject
Project("{FAE04EC0-301F-11D3-BF4B-00C04F79EFBC}") = "Tyuiu.AlshinAF.Sprint5.Task4.V26", "Tyuiu.AlshinAF.Sprint5.Task4.V26\Tyuiu.AlshinAF.Sprint5.Task4.V26.csproj", "{08F0576E-9733-4283-A0A3-46F36B3F001E}"
EndProject
Project("{FAE04EC0-301F-11D3-BF4B-00C04F79EFBC}") = "Tyuiu.AlshinAF.Sprint5.Task4.V26.Test", "Tyuiu.AlshinAF.Sprint5.Task4.V26.Test\Tyuiu.AlshinAF.Sprint5.Task4.V26.Test.csproj", "{5DB07DCB-5B00-40C4-84C2-1350BBB7BFB5}"
EndProject
Project("{2150E333-8FDC-42A3-9474-1A3956D46DE8}") = "Task5", "Task5", "{F24706F1-89E9-42AD-A932-F8524101E5EC}"
EndProject
Project("{FAE04EC0-301F-11D3-BF4B-00C04F79EFBC}") = "Tyuiu.AlshinAF.Sprint5.Task5.V2.Lib", "Tyuiu.AlshinAF.Sprint5.Task5.V2.Lib\Tyuiu.AlshinAF.Sprint5.Task5.V2.Lib.csproj", "{69B4C144-33A3-4872-998F-9F00C7FF3899}"
EndProject
Project("{FAE04EC0-301F-11D3-BF4B-00C04F79EFBC}") = "Tyuiu.AlshinAF.Sprint5.Task5.V2.Test", "Tyuiu.AlshinAF.Sprint5.Task5.V2.Test\Tyuiu.AlshinAF.Sprint5.Task5.V2.Test.csproj", "{0575629F-B42E-4B5A-9ABD-D9244E05098A}"
EndProject
Project("{FAE04EC0-301F-11D3-BF4B-00C04F79EFBC}") = "Tyuiu.AlshinAF.Sprint5.Task5.V2", "Tyuiu.AlshinAF.Sprint5.Task5.V2\Tyuiu.AlshinAF.Sprint5.Task5.V2.csproj", "{CF6F6151-65C0-478D-A4B3-F9A1BEC744ED}"
EndProject
Global
	GlobalSection(SolutionConfigurationPlatforms) = preSolution
		Debug|Any CPU = Debug|Any CPU
		Release|Any CPU = Release|Any CPU
	EndGlobalSection
	GlobalSection(ProjectConfigurationPlatforms) = postSolution
		{1A3FE511-A8BE-4C2C-B566-3E665CF27BED}.Debug|Any CPU.ActiveCfg = Debug|Any CPU
		{1A3FE511-A8BE-4C2C-B566-3E665CF27BED}.Debug|Any CPU.Build.0 = Debug|Any CPU
		{1A3FE511-A8BE-4C2C-B566-3E665CF27BED}.Release|Any CPU.ActiveCfg = Release|Any CPU
		{1A3FE511-A8BE-4C2C-B566-3E665CF27BED}.Release|Any CPU.Build.0 = Release|Any CPU
		{FF5A1E42-4AF6-4B5B-ACAD-F71D608FF285}.Debug|Any CPU.ActiveCfg = Debug|Any CPU
		{FF5A1E42-4AF6-4B5B-ACAD-F71D608FF285}.Debug|Any CPU.Build.0 = Debug|Any CPU
		{FF5A1E42-4AF6-4B5B-ACAD-F71D608FF285}.Release|Any CPU.ActiveCfg = Release|Any CPU
		{FF5A1E42-4AF6-4B5B-ACAD-F71D608FF285}.Release|Any CPU.Build.0 = Release|Any CPU
		{343AA4C0-3508-43D3-B35C-1DEBA43FF1FA}.Debug|Any CPU.ActiveCfg = Debug|Any CPU
		{343AA4C0-3508-43D3-B35C-1DEBA43FF1FA}.Debug|Any CPU.Build.0 = Debug|Any CPU
		{343AA4C0-3508-43D3-B35C-1DEBA43FF1FA}.Release|Any CPU.ActiveCfg = Release|Any CPU
		{343AA4C0-3508-43D3-B35C-1DEBA43FF1FA}.Release|Any CPU.Build.0 = Release|Any CPU
		{74FCCEE6-9356-416C-95C7-1F7A1010526F}.Debug|Any CPU.ActiveCfg = Debug|Any CPU
		{74FCCEE6-9356-416C-95C7-1F7A1010526F}.Debug|Any CPU.Build.0 = Debug|Any CPU
		{74FCCEE6-9356-416C-95C7-1F7A1010526F}.Release|Any CPU.ActiveCfg = Release|Any CPU
		{74FCCEE6-9356-416C-95C7-1F7A1010526F}.Release|Any CPU.Build.0 = Release|Any CPU
		{8F42C6C3-6E7B-4A3F-9C33-C390D0CFE32C}.Debug|Any CPU.ActiveCfg = Debug|Any CPU
		{8F42C6C3-6E7B-4A3F-9C33-C390D0CFE32C}.Debug|Any CPU.Build.0 = Debug|Any CPU
		{8F42C6C3-6E7B-4A3F-9C33-C390D0CFE32C}.Release|Any CPU.ActiveCfg = Release|Any CPU
		{8F42C6C3-6E7B-4A3F-9C33-C390D0CFE32C}.Release|Any CPU.Build.0 = Release|Any CPU
		{220C5B31-0B95-4EDF-9768-2AA1FB7D3DB5}.Debug|Any CPU.ActiveCfg = Debug|Any CPU
		{220C5B31-0B95-4EDF-9768-2AA1FB7D3DB5}.Debug|Any CPU.Build.0 = Debug|Any CPU
		{220C5B31-0B95-4EDF-9768-2AA1FB7D3DB5}.Release|Any CPU.ActiveCfg = Release|Any CPU
		{220C5B31-0B95-4EDF-9768-2AA1FB7D3DB5}.Release|Any CPU.Build.0 = Release|Any CPU
		{AA08D111-6308-4568-BA73-92560EE19CD5}.Debug|Any CPU.ActiveCfg = Debug|Any CPU
		{AA08D111-6308-4568-BA73-92560EE19CD5}.Debug|Any CPU.Build.0 = Debug|Any CPU
		{AA08D111-6308-4568-BA73-92560EE19CD5}.Release|Any CPU.ActiveCfg = Release|Any CPU
		{AA08D111-6308-4568-BA73-92560EE19CD5}.Release|Any CPU.Build.0 = Release|Any CPU
		{FBF53B71-6C53-4E69-8D66-B943EEE9DD66}.Debug|Any CPU.ActiveCfg = Debug|Any CPU
		{FBF53B71-6C53-4E69-8D66-B943EEE9DD66}.Debug|Any CPU.Build.0 = Debug|Any CPU
		{FBF53B71-6C53-4E69-8D66-B943EEE9DD66}.Release|Any CPU.ActiveCfg = Release|Any CPU
		{FBF53B71-6C53-4E69-8D66-B943EEE9DD66}.Release|Any CPU.Build.0 = Release|Any CPU
		{EB381B4A-8E3E-43A2-8E16-24520EE44A3B}.Debug|Any CPU.ActiveCfg = Debug|Any CPU
		{EB381B4A-8E3E-43A2-8E16-24520EE44A3B}.Debug|Any CPU.Build.0 = Debug|Any CPU
		{EB381B4A-8E3E-43A2-8E16-24520EE44A3B}.Release|Any CPU.ActiveCfg = Release|Any CPU
		{EB381B4A-8E3E-43A2-8E16-24520EE44A3B}.Release|Any CPU.Build.0 = Release|Any CPU
		{1D8F422A-42AD-4F95-B2C8-65074FA0046D}.Debug|Any CPU.ActiveCfg = Debug|Any CPU
		{1D8F422A-42AD-4F95-B2C8-65074FA0046D}.Debug|Any CPU.Build.0 = Debug|Any CPU
		{1D8F422A-42AD-4F95-B2C8-65074FA0046D}.Release|Any CPU.ActiveCfg = Release|Any CPU
		{1D8F422A-42AD-4F95-B2C8-65074FA0046D}.Release|Any CPU.Build.0 = Release|Any CPU
		{BCAA6356-2B38-4E6B-A7B2-7EAFE3D81806}.Debug|Any CPU.ActiveCfg = Debug|Any CPU
		{BCAA6356-2B38-4E6B-A7B2-7EAFE3D81806}.Debug|Any CPU.Build.0 = Debug|Any CPU
		{BCAA6356-2B38-4E6B-A7B2-7EAFE3D81806}.Release|Any CPU.ActiveCfg = Release|Any CPU
		{BCAA6356-2B38-4E6B-A7B2-7EAFE3D81806}.Release|Any CPU.Build.0 = Release|Any CPU
		{4AE2EBF9-3E1C-4FFC-825B-0B76BECD6605}.Debug|Any CPU.ActiveCfg = Debug|Any CPU
		{4AE2EBF9-3E1C-4FFC-825B-0B76BECD6605}.Debug|Any CPU.Build.0 = Debug|Any CPU
		{4AE2EBF9-3E1C-4FFC-825B-0B76BECD6605}.Release|Any CPU.ActiveCfg = Release|Any CPU
		{4AE2EBF9-3E1C-4FFC-825B-0B76BECD6605}.Release|Any CPU.Build.0 = Release|Any CPU
		{D15DDB23-5029-453A-ADF8-F755B99BA26B}.Debug|Any CPU.ActiveCfg = Debug|Any CPU
		{D15DDB23-5029-453A-ADF8-F755B99BA26B}.Debug|Any CPU.Build.0 = Debug|Any CPU
		{D15DDB23-5029-453A-ADF8-F755B99BA26B}.Release|Any CPU.ActiveCfg = Release|Any CPU
		{D15DDB23-5029-453A-ADF8-F755B99BA26B}.Release|Any CPU.Build.0 = Release|Any CPU
		{08F0576E-9733-4283-A0A3-46F36B3F001E}.Debug|Any CPU.ActiveCfg = Debug|Any CPU
		{08F0576E-9733-4283-A0A3-46F36B3F001E}.Debug|Any CPU.Build.0 = Debug|Any CPU
		{08F0576E-9733-4283-A0A3-46F36B3F001E}.Release|Any CPU.ActiveCfg = Release|Any CPU
		{08F0576E-9733-4283-A0A3-46F36B3F001E}.Release|Any CPU.Build.0 = Release|Any CPU
		{5DB07DCB-5B00-40C4-84C2-1350BBB7BFB5}.Debug|Any CPU.ActiveCfg = Debug|Any CPU
		{5DB07DCB-5B00-40C4-84C2-1350BBB7BFB5}.Debug|Any CPU.Build.0 = Debug|Any CPU
		{5DB07DCB-5B00-40C4-84C2-1350BBB7BFB5}.Release|Any CPU.ActiveCfg = Release|Any CPU
		{5DB07DCB-5B00-40C4-84C2-1350BBB7BFB5}.Release|Any CPU.Build.0 = Release|Any CPU
		{69B4C144-33A3-4872-998F-9F00C7FF3899}.Debug|Any CPU.ActiveCfg = Debug|Any CPU
		{69B4C144-33A3-4872-998F-9F00C7FF3899}.Debug|Any CPU.Build.0 = Debug|Any CPU
		{69B4C144-33A3-4872-998F-9F00C7FF3899}.Release|Any CPU.ActiveCfg = Release|Any CPU
		{69B4C144-33A3-4872-998F-9F00C7FF3899}.Release|Any CPU.Build.0 = Release|Any CPU
		{0575629F-B42E-4B5A-9ABD-D9244E05098A}.Debug|Any CPU.ActiveCfg = Debug|Any CPU
		{0575629F-B42E-4B5A-9ABD-D9244E05098A}.Debug|Any CPU.Build.0 = Debug|Any CPU
		{0575629F-B42E-4B5A-9ABD-D9244E05098A}.Release|Any CPU.ActiveCfg = Release|Any CPU
		{0575629F-B42E-4B5A-9ABD-D9244E05098A}.Release|Any CPU.Build.0 = Release|Any CPU
		{CF6F6151-65C0-478D-A4B3-F9A1BEC744ED}.Debug|Any CPU.ActiveCfg = Debug|Any CPU
		{CF6F6151-65C0-478D-A4B3-F9A1BEC744ED}.Debug|Any CPU.Build.0 = Debug|Any CPU
		{CF6F6151-65C0-478D-A4B3-F9A1BEC744ED}.Release|Any CPU.ActiveCfg = Release|Any CPU
		{CF6F6151-65C0-478D-A4B3-F9A1BEC744ED}.Release|Any CPU.Build.0 = Release|Any CPU
	EndGlobalSection
	GlobalSection(SolutionProperties) = preSolution
		HideSolutionNode = FALSE
	EndGlobalSection
	GlobalSection(NestedProjects) = preSolution
		{1A3FE511-A8BE-4C2C-B566-3E665CF27BED} = {90B173CB-285D-4A77-8A98-AF59E75814C6}
		{FF5A1E42-4AF6-4B5B-ACAD-F71D608FF285} = {90B173CB-285D-4A77-8A98-AF59E75814C6}
		{343AA4C0-3508-43D3-B35C-1DEBA43FF1FA} = {90B173CB-285D-4A77-8A98-AF59E75814C6}
		{74FCCEE6-9356-416C-95C7-1F7A1010526F} = {BD93B6FB-0024-4BD8-9749-542F8D1BC146}
		{8F42C6C3-6E7B-4A3F-9C33-C390D0CFE32C} = {BD93B6FB-0024-4BD8-9749-542F8D1BC146}
		{220C5B31-0B95-4EDF-9768-2AA1FB7D3DB5} = {BD93B6FB-0024-4BD8-9749-542F8D1BC146}
		{AA08D111-6308-4568-BA73-92560EE19CD5} = {0263861F-994F-4740-A291-675B31066B7C}
		{FBF53B71-6C53-4E69-8D66-B943EEE9DD66} = {0263861F-994F-4740-A291-675B31066B7C}
		{EB381B4A-8E3E-43A2-8E16-24520EE44A3B} = {0263861F-994F-4740-A291-675B31066B7C}
		{1D8F422A-42AD-4F95-B2C8-65074FA0046D} = {EE9A79C3-6030-4C4D-BB67-C4B9064FCB30}
		{BCAA6356-2B38-4E6B-A7B2-7EAFE3D81806} = {EE9A79C3-6030-4C4D-BB67-C4B9064FCB30}
		{4AE2EBF9-3E1C-4FFC-825B-0B76BECD6605} = {EE9A79C3-6030-4C4D-BB67-C4B9064FCB30}
		{D15DDB23-5029-453A-ADF8-F755B99BA26B} = {5900B42B-129E-4367-B42B-FE7E879693AA}
		{08F0576E-9733-4283-A0A3-46F36B3F001E} = {5900B42B-129E-4367-B42B-FE7E879693AA}
		{5DB07DCB-5B00-40C4-84C2-1350BBB7BFB5} = {5900B42B-129E-4367-B42B-FE7E879693AA}
		{69B4C144-33A3-4872-998F-9F00C7FF3899} = {F24706F1-89E9-42AD-A932-F8524101E5EC}
		{0575629F-B42E-4B5A-9ABD-D9244E05098A} = {F24706F1-89E9-42AD-A932-F8524101E5EC}
		{CF6F6151-65C0-478D-A4B3-F9A1BEC744ED} = {F24706F1-89E9-42AD-A932-F8524101E5EC}
	EndGlobalSection
	GlobalSection(ExtensibilityGlobals) = postSolution
		SolutionGuid = {F0E9C441-5668-4257-A991-A7B951F8A052}
	EndGlobalSection
EndGlobal
